
Microsoft Visual Studio Solution File, Format Version 12.00
# Visual Studio Version 17
VisualStudioVersion = 17.0.31903.59
MinimumVisualStudioVersion = 10.0.40219.1
Project("{2150E333-8FDC-42A3-9474-1A3956D46DE8}") = "services", "services", "{5193DE96-ACB4-4681-BAC8-990AB0D74E05}"
EndProject
Project("{2150E333-8FDC-42A3-9474-1A3956D46DE8}") = "UMS.Authentication", "UMS.Authentication", "{8B7A820F-9010-4E38-B043-2A262CDD1E14}"
EndProject
Project("{FAE04EC0-301F-11D3-BF4B-00C04F79EFBC}") = "UMS.Authentication.Application", "services\UMS.Authentication\UMS.Authentication.Application\UMS.Authentication.Application.csproj", "{F4CF1E30-D4BC-42C1-BC0D-80EB696E2FC7}"
EndProject
Project("{FAE04EC0-301F-11D3-BF4B-00C04F79EFBC}") = "UMS.Authentication.Domain", "services\UMS.Authentication\UMS.Authentication.Domain\UMS.Authentication.Domain.csproj", "{D02B8BA7-2C99-449E-8ED2-B1C2453E9AC1}"
EndProject
Project("{2150E333-8FDC-42A3-9474-1A3956D46DE8}") = "app", "app", "{DC1C530B-8581-4677-A919-434F051F7A10}"
EndProject
Project("{FAE04EC0-301F-11D3-BF4B-00C04F79EFBC}") = "Presentation", "app\Presentation\Presentation.csproj", "{17BC72FF-6EB8-4954-B011-59F5E7E66E99}"
EndProject
Project("{FAE04EC0-301F-11D3-BF4B-00C04F79EFBC}") = "Infrastructure", "app\Infrastructure\Infrastructure.csproj", "{60634A7D-ED27-4E09-8E62-5DE841B06BC1}"
EndProject
Global
	GlobalSection(SolutionConfigurationPlatforms) = preSolution
		Debug|Any CPU = Debug|Any CPU
		Release|Any CPU = Release|Any CPU
	EndGlobalSection
	GlobalSection(SolutionProperties) = preSolution
		HideSolutionNode = FALSE
	EndGlobalSection
	GlobalSection(ProjectConfigurationPlatforms) = postSolution
		{F4CF1E30-D4BC-42C1-BC0D-80EB696E2FC7}.Debug|Any CPU.ActiveCfg = Debug|Any CPU
		{F4CF1E30-D4BC-42C1-BC0D-80EB696E2FC7}.Debug|Any CPU.Build.0 = Debug|Any CPU
		{F4CF1E30-D4BC-42C1-BC0D-80EB696E2FC7}.Release|Any CPU.ActiveCfg = Release|Any CPU
		{F4CF1E30-D4BC-42C1-BC0D-80EB696E2FC7}.Release|Any CPU.Build.0 = Release|Any CPU
		{638956A6-4951-4F58-94B1-33686C84BBB5}.Debug|Any CPU.ActiveCfg = Debug|Any CPU
		{638956A6-4951-4F58-94B1-33686C84BBB5}.Debug|Any CPU.Build.0 = Debug|Any CPU
		{638956A6-4951-4F58-94B1-33686C84BBB5}.Release|Any CPU.ActiveCfg = Release|Any CPU
		{638956A6-4951-4F58-94B1-33686C84BBB5}.Release|Any CPU.Build.0 = Release|Any CPU
		{D02B8BA7-2C99-449E-8ED2-B1C2453E9AC1}.Debug|Any CPU.ActiveCfg = Debug|Any CPU
		{D02B8BA7-2C99-449E-8ED2-B1C2453E9AC1}.Debug|Any CPU.Build.0 = Debug|Any CPU
		{D02B8BA7-2C99-449E-8ED2-B1C2453E9AC1}.Release|Any CPU.ActiveCfg = Release|Any CPU
		{D02B8BA7-2C99-449E-8ED2-B1C2453E9AC1}.Release|Any CPU.Build.0 = Release|Any CPU
		{17BC72FF-6EB8-4954-B011-59F5E7E66E99}.Debug|Any CPU.ActiveCfg = Debug|Any CPU
		{17BC72FF-6EB8-4954-B011-59F5E7E66E99}.Debug|Any CPU.Build.0 = Debug|Any CPU
		{17BC72FF-6EB8-4954-B011-59F5E7E66E99}.Release|Any CPU.ActiveCfg = Release|Any CPU
		{17BC72FF-6EB8-4954-B011-59F5E7E66E99}.Release|Any CPU.Build.0 = Release|Any CPU
		{60634A7D-ED27-4E09-8E62-5DE841B06BC1}.Debug|Any CPU.ActiveCfg = Debug|Any CPU
		{60634A7D-ED27-4E09-8E62-5DE841B06BC1}.Debug|Any CPU.Build.0 = Debug|Any CPU
		{60634A7D-ED27-4E09-8E62-5DE841B06BC1}.Release|Any CPU.ActiveCfg = Release|Any CPU
		{60634A7D-ED27-4E09-8E62-5DE841B06BC1}.Release|Any CPU.Build.0 = Release|Any CPU
	EndGlobalSection
	GlobalSection(NestedProjects) = preSolution
		{8B7A820F-9010-4E38-B043-2A262CDD1E14} = {5193DE96-ACB4-4681-BAC8-990AB0D74E05}
		{F4CF1E30-D4BC-42C1-BC0D-80EB696E2FC7} = {8B7A820F-9010-4E38-B043-2A262CDD1E14}
		{638956A6-4951-4F58-94B1-33686C84BBB5} = {8B7A820F-9010-4E38-B043-2A262CDD1E14}
		{D02B8BA7-2C99-449E-8ED2-B1C2453E9AC1} = {8B7A820F-9010-4E38-B043-2A262CDD1E14}
		{17BC72FF-6EB8-4954-B011-59F5E7E66E99} = {DC1C530B-8581-4677-A919-434F051F7A10}
		{60634A7D-ED27-4E09-8E62-5DE841B06BC1} = {DC1C530B-8581-4677-A919-434F051F7A10}
	EndGlobalSection
EndGlobal
